// !$*UTF8*$!
{
	archiveVersion = 1;
	classes = {
	};
	objectVersion = 50;
	objects = {

/* Begin PBXBuildFile section */
		FFE30EA72397AA2C0011F8B3 /* AppDelegate.swift in Sources */ = {isa = PBXBuildFile; fileRef = FFE30EA62397AA2C0011F8B3 /* AppDelegate.swift */; };
		FFE30EA92397AA2C0011F8B3 /* SceneDelegate.swift in Sources */ = {isa = PBXBuildFile; fileRef = FFE30EA82397AA2C0011F8B3 /* SceneDelegate.swift */; };
		FFE30EAB2397AA2C0011F8B3 /* ViewController.swift in Sources */ = {isa = PBXBuildFile; fileRef = FFE30EAA2397AA2C0011F8B3 /* ViewController.swift */; };
		FFE30EAE2397AA2C0011F8B3 /* Main.storyboard in Resources */ = {isa = PBXBuildFile; fileRef = FFE30EAC2397AA2C0011F8B3 /* Main.storyboard */; };
		FFE30EB02397AA2D0011F8B3 /* Assets.xcassets in Resources */ = {isa = PBXBuildFile; fileRef = FFE30EAF2397AA2D0011F8B3 /* Assets.xcassets */; };
		FFE30EB32397AA2D0011F8B3 /* LaunchScreen.storyboard in Resources */ = {isa = PBXBuildFile; fileRef = FFE30EB12397AA2D0011F8B3 /* LaunchScreen.storyboard */; };
/* End PBXBuildFile section */

/* Begin PBXFileReference section */
		FFE30EA32397AA2C0011F8B3 /* Segment Control.app */ = {isa = PBXFileReference; explicitFileType = wrapper.application; includeInIndex = 0; path = "Segment Control.app"; sourceTree = BUILT_PRODUCTS_DIR; };
		FFE30EA62397AA2C0011F8B3 /* AppDelegate.swift */ = {isa = PBXFileReference; lastKnownFileType = sourcecode.swift; path = AppDelegate.swift; sourceTree = "<group>"; };
		FFE30EA82397AA2C0011F8B3 /* SceneDelegate.swift */ = {isa = PBXFileReference; lastKnownFileType = sourcecode.swift; path = SceneDelegate.swift; sourceTree = "<group>"; };
		FFE30EAA2397AA2C0011F8B3 /* ViewController.swift */ = {isa = PBXFileReference; lastKnownFileType = sourcecode.swift; path = ViewController.swift; sourceTree = "<group>"; };
		FFE30EAD2397AA2C0011F8B3 /* Base */ = {isa = PBXFileReference; lastKnownFileType = file.storyboard; name = Base; path = Base.lproj/Main.storyboard; sourceTree = "<group>"; };
		FFE30EAF2397AA2D0011F8B3 /* Assets.xcassets */ = {isa = PBXFileReference; lastKnownFileType = folder.assetcatalog; path = Assets.xcassets; sourceTree = "<group>"; };
		FFE30EB22397AA2D0011F8B3 /* Base */ = {isa = PBXFileReference; lastKnownFileType = file.storyboard; name = Base; path = Base.lproj/LaunchScreen.storyboard; sourceTree = "<group>"; };
		FFE30EB42397AA2D0011F8B3 /* Info.plist */ = {isa = PBXFileReference; lastKnownFileType = text.plist.xml; path = Info.plist; sourceTree = "<group>"; };
/* End PBXFileReference section */

/* Begin PBXFrameworksBuildPhase section */
		FFE30EA02397AA2C0011F8B3 /* Frameworks */ = {
			isa = PBXFrameworksBuildPhase;
			buildActionMask = 2147483647;
			files = (
			);
			runOnlyForDeploymentPostprocessing = 0;
		};
/* End PBXFrameworksBuildPhase section */

/* Begin PBXGroup section */
		FFE30E9A2397AA2C0011F8B3 = {
			isa = PBXGroup;
			children = (
				FFE30EA52397AA2C0011F8B3 /* Segment Control */,
				FFE30EA42397AA2C0011F8B3 /* Products */,
			);
			sourceTree = "<group>";
		};
		FFE30EA42397AA2C0011F8B3 /* Products */ = {
			isa = PBXGroup;
			children = (
				FFE30EA32397AA2C0011F8B3 /* Segment Control.app */,
			);
			name = Products;
			sourceTree = "<group>";
		};
		FFE30EA52397AA2C0011F8B3 /* Segment Control */ = {
			isa = PBXGroup;
			children = (
				FFE30EA62397AA2C0011F8B3 /* AppDelegate.swift */,
				FFE30EA82397AA2C0011F8B3 /* SceneDelegate.swift */,
				FFE30EAA2397AA2C0011F8B3 /* ViewController.swift */,
				FFE30EAC2397AA2C0011F8B3 /* Main.storyboard */,
				FFE30EAF2397AA2D0011F8B3 /* Assets.xcassets */,
				FFE30EB12397AA2D0011F8B3 /* LaunchScreen.storyboard */,
				FFE30EB42397AA2D0011F8B3 /* Info.plist */,
			);
			path = "Segment Control";
			sourceTree = "<group>";
		};
/* End PBXGroup section */

/* Begin PBXNativeTarget section */
		FFE30EA22397AA2C0011F8B3 /* Segment Control */ = {
			isa = PBXNativeTarget;
			buildConfigurationList = FFE30EB72397AA2D0011F8B3 /* Build configuration list for PBXNativeTarget "Segment Control" */;
			buildPhases = (
				FFE30E9F2397AA2C0011F8B3 /* Sources */,
				FFE30EA02397AA2C0011F8B3 /* Frameworks */,
				FFE30EA12397AA2C0011F8B3 /* Resources */,
			);
			buildRules = (
			);
			dependencies = (
			);
			name = "Segment Control";
			productName = "Segment Control";
			productReference = FFE30EA32397AA2C0011F8B3 /* Segment Control.app */;
			productType = "com.apple.product-type.application";
		};
/* End PBXNativeTarget section */

/* Begin PBXProject section */
		FFE30E9B2397AA2C0011F8B3 /* Project object */ = {
			isa = PBXProject;
			attributes = {
				LastSwiftUpdateCheck = 1120;
				LastUpgradeCheck = 1120;
				ORGANIZATIONNAME = "Fahim Rahman";
				TargetAttributes = {
					FFE30EA22397AA2C0011F8B3 = {
						CreatedOnToolsVersion = 11.2.1;
					};
				};
			};
			buildConfigurationList = FFE30E9E2397AA2C0011F8B3 /* Build configuration list for PBXProject "Segment Control" */;
			compatibilityVersion = "Xcode 9.3";
			developmentRegion = en;
			hasScannedForEncodings = 0;
			knownRegions = (
				en,
				Base,
			);
			mainGroup = FFE30E9A2397AA2C0011F8B3;
			productRefGroup = FFE30EA42397AA2C0011F8B3 /* Products */;
			projectDirPath = "";
			projectRoot = "";
			targets = (
				FFE30EA22397AA2C0011F8B3 /* Segment Control */,
			);
		};
/* End PBXProject section */

/* Begin PBXResourcesBuildPhase section */
		FFE30EA12397AA2C0011F8B3 /* Resources */ = {
			isa = PBXResourcesBuildPhase;
			buildActionMask = 2147483647;
			files = (
				FFE30EB32397AA2D0011F8B3 /* LaunchScreen.storyboard in Resources */,
				FFE30EB02397AA2D0011F8B3 /* Assets.xcassets in Resources */,
				FFE30EAE2397AA2C0011F8B3 /* Main.storyboard in Resources */,
			);
			runOnlyForDeploymentPostprocessing = 0;
		};
/* End PBXResourcesBuildPhase section */

/* Begin PBXSourcesBuildPhase section */
		FFE30E9F2397AA2C0011F8B3 /* Sources */ = {
			isa = PBXSourcesBuildPhase;
			buildActionMask = 2147483647;
			files = (
				FFE30EAB2397AA2C0011F8B3 /* ViewController.swift in Sources */,
				FFE30EA72397AA2C0011F8B3 /* AppDelegate.swift in Sources */,
				FFE30EA92397AA2C0011F8B3 /* SceneDelegate.swift in Sources */,
			);
			runOnlyForDeploymentPostprocessing = 0;
		};
/* End PBXSourcesBuildPhase section */

/* Begin PBXVariantGroup section */
		FFE30EAC2397AA2C0011F8B3 /* Main.storyboard */ = {
			isa = PBXVariantGroup;
			children = (
				FFE30EAD2397AA2C0011F8B3 /* Base */,
			);
			name = Main.storyboard;
			sourceTree = "<group>";
		};
		FFE30EB12397AA2D0011F8B3 /* LaunchScreen.storyboard */ = {
			isa = PBXVariantGroup;
			children = (
				FFE30EB22397AA2D0011F8B3 /* Base */,
			);
			name = LaunchScreen.storyboard;
			sourceTree = "<group>";
		};
/* End PBXVariantGroup section */

/* Begin XCBuildConfiguration section */
		FFE30EB52397AA2D0011F8B3 /* Debug */ = {
			isa = XCBuildConfiguration;
			buildSettings = {
				ALWAYS_SEARCH_USER_PATHS = NO;
				CLANG_ANALYZER_NONNULL = YES;
				CLANG_ANALYZER_NUMBER_OBJECT_CONVERSION = YES_AGGRESSIVE;
				CLANG_CXX_LANGUAGE_STANDARD = "gnu++14";
				CLANG_CXX_LIBRARY = "libc++";
				CLANG_ENABLE_MODULES = YES;
				CLANG_ENABLE_OBJC_ARC = YES;
				CLANG_ENABLE_OBJC_WEAK = YES;
				CLANG_WARN_BLOCK_CAPTURE_AUTORELEASING = YES;
				CLANG_WARN_BOOL_CONVERSION = YES;
				CLANG_WARN_COMMA = YES;
				CLANG_WARN_CONSTANT_CONVERSION = YES;
				CLANG_WARN_DEPRECATED_OBJC_IMPLEMENTATIONS = YES;
				CLANG_WARN_DIRECT_OBJC_ISA_USAGE = YES_ERROR;
				CLANG_WARN_DOCUMENTATION_COMMENTS = YES;
				CLANG_WARN_EMPTY_BODY = YES;
				CLANG_WARN_ENUM_CONVERSION = YES;
				CLANG_WARN_INFINITE_RECURSION = YES;
				CLANG_WARN_INT_CONVERSION = YES;
				CLANG_WARN_NON_LITERAL_NULL_CONVERSION = YES;
				CLANG_WARN_OBJC_IMPLICIT_RETAIN_SELF = YES;
				CLANG_WARN_OBJC_LITERAL_CONVERSION = YES;
				CLANG_WARN_OBJC_ROOT_CLASS = YES_ERROR;
				CLANG_WARN_RANGE_LOOP_ANALYSIS = YES;
				CLANG_WARN_STRICT_PROTOTYPES = YES;
				CLANG_WARN_SUSPICIOUS_MOVE = YES;
				CLANG_WARN_UNGUARDED_AVAILABILITY = YES_AGGRESSIVE;
				CLANG_WARN_UNREACHABLE_CODE = YES;
				CLANG_WARN__DUPLICATE_METHOD_MATCH = YES;
				COPY_PHASE_STRIP = NO;
				DEBUG_INFORMATION_FORMAT = dwarf;
				ENABLE_STRICT_OBJC_MSGSEND = YES;
				ENABLE_TESTABILITY = YES;
				GCC_C_LANGUAGE_STANDARD = gnu11;
				GCC_DYNAMIC_NO_PIC = NO;
				GCC_NO_COMMON_BLOCKS = YES;
				GCC_OPTIMIZATION_LEVEL = 0;
				GCC_PREPROCESSOR_DEFINITIONS = (
					"DEBUG=1",
					"$(inherited)",
				);
				GCC_WARN_64_TO_32_BIT_CONVERSION = YES;
				GCC_WARN_ABOUT_RETURN_TYPE = YES_ERROR;
				GCC_WARN_UNDECLARED_SELECTOR = YES;
				GCC_WARN_UNINITIALIZED_AUTOS = YES_AGGRESSIVE;
				GCC_WARN_UNUSED_FUNCTION = YES;
				GCC_WARN_UNUSED_VARIABLE = YES;
				IPHONEOS_DEPLOYMENT_TARGET = 13.2;
				MTL_ENABLE_DEBUG_INFO = INCLUDE_SOURCE;
				MTL_FAST_MATH = YES;
				ONLY_ACTIVE_ARCH = YES;
				SDKROOT = iphoneos;
				SWIFT_ACTIVE_COMPILATION_CONDITIONS = DEBUG;
				SWIFT_OPTIMIZATION_LEVEL = "-Onone";
			};
			name = Debug;
		};
		FFE30EB62397AA2D0011F8B3 /* Release */ = {
			isa = XCBuildConfiguration;
			buildSettings = {
				ALWAYS_SEARCH_USER_PATHS = NO;
				CLANG_ANALYZER_NONNULL = YES;
				CLANG_ANALYZER_NUMBER_OBJECT_CONVERSION = YES_AGGRESSIVE;
				CLANG_CXX_LANGUAGE_STANDARD = "gnu++14";
				CLANG_CXX_LIBRARY = "libc++";
				CLANG_ENABLE_MODULES = YES;
				CLANG_ENABLE_OBJC_ARC = YES;
				CLANG_ENABLE_OBJC_WEAK = YES;
				CLANG_WARN_BLOCK_CAPTURE_AUTORELEASING = YES;
				CLANG_WARN_BOOL_CONVERSION = YES;
				CLANG_WARN_COMMA = YES;
				CLANG_WARN_CONSTANT_CONVERSION = YES;
				CLANG_WARN_DEPRECATED_OBJC_IMPLEMENTATIONS = YES;
				CLANG_WARN_DIRECT_OBJC_ISA_USAGE = YES_ERROR;
				CLANG_WARN_DOCUMENTATION_COMMENTS = YES;
				CLANG_WARN_EMPTY_BODY = YES;
				CLANG_WARN_ENUM_CONVERSION = YES;
				CLANG_WARN_INFINITE_RECURSION = YES;
				CLANG_WARN_INT_CONVERSION = YES;
				CLANG_WARN_NON_LITERAL_NULL_CONVERSION = YES;
				CLANG_WARN_OBJC_IMPLICIT_RETAIN_SELF = YES;
				CLANG_WARN_OBJC_LITERAL_CONVERSION = YES;
				CLANG_WARN_OBJC_ROOT_CLASS = YES_ERROR;
				CLANG_WARN_RANGE_LOOP_ANALYSIS = YES;
				CLANG_WARN_STRICT_PROTOTYPES = YES;
				CLANG_WARN_SUSPICIOUS_MOVE = YES;
				CLANG_WARN_UNGUARDED_AVAILABILITY = YES_AGGRESSIVE;
				CLANG_WARN_UNREACHABLE_CODE = YES;
				CLANG_WARN__DUPLICATE_METHOD_MATCH = YES;
				COPY_PHASE_STRIP = NO;
				DEBUG_INFORMATION_FORMAT = "dwarf-with-dsym";
				ENABLE_NS_ASSERTIONS = NO;
				ENABLE_STRICT_OBJC_MSGSEND = YES;
				GCC_C_LANGUAGE_STANDARD = gnu11;
				GCC_NO_COMMON_BLOCKS = YES;
				GCC_WARN_64_TO_32_BIT_CONVERSION = YES;
				GCC_WARN_ABOUT_RETURN_TYPE = YES_ERROR;
				GCC_WARN_UNDECLARED_SELECTOR = YES;
				GCC_WARN_UNINITIALIZED_AUTOS = YES_AGGRESSIVE;
				GCC_WARN_UNUSED_FUNCTION = YES;
				GCC_WARN_UNUSED_VARIABLE = YES;
				IPHONEOS_DEPLOYMENT_TARGET = 13.2;
				MTL_ENABLE_DEBUG_INFO = NO;
				MTL_FAST_MATH = YES;
				SDKROOT = iphoneos;
				SWIFT_COMPILATION_MODE = wholemodule;
				SWIFT_OPTIMIZATION_LEVEL = "-O";
				VALIDATE_PRODUCT = YES;
			};
			name = Release;
		};
		FFE30EB82397AA2D0011F8B3 /* Debug */ = {
			isa = XCBuildConfiguration;
			buildSettings = {
				ASSETCATALOG_COMPILER_APPICON_NAME = AppIcon;
				CODE_SIGN_STYLE = Automatic;
				DEVELOPMENT_TEAM = 4JWUSF25X2;
				INFOPLIST_FILE = "Segment Control/Info.plist";
				LD_RUNPATH_SEARCH_PATHS = (
					"$(inherited)",
					"@executable_path/Frameworks",
				);
				PRODUCT_BUNDLE_IDENTIFIER = "com.fahimrahman.Segment-Control";
				PRODUCT_NAME = "$(TARGET_NAME)";
				SWIFT_VERSION = 5.0;
				TARGETED_DEVICE_FAMILY = 1;
			};
			name = Debug;
		};
		FFE30EB92397AA2D0011F8B3 /* Release */ = {
			isa = XCBuildConfiguration;
			buildSettings = {
				ASSETCATALOG_COMPILER_APPICON_NAME = AppIcon;
				CODE_SIGN_STYLE = Automatic;
				DEVELOPMENT_TEAM = 4JWUSF25X2;
				INFOPLIST_FILE = "Segment Control/Info.plist";
				LD_RUNPATH_SEARCH_PATHS = (
					"$(inherited)",
					"@executable_path/Frameworks",
				);
				PRODUCT_BUNDLE_IDENTIFIER = "com.fahimrahman.Segment-Control";
				PRODUCT_NAME = "$(TARGET_NAME)";
				SWIFT_VERSION = 5.0;
				TARGETED_DEVICE_FAMILY = 1;
			};
			name = Release;
		};
/* End XCBuildConfiguration section */

/* Begin XCConfigurationList section */
		FFE30E9E2397AA2C0011F8B3 /* Build configuration list for PBXProject "Segment Control" */ = {
			isa = XCConfigurationList;
			buildConfigurations = (
				FFE30EB52397AA2D0011F8B3 /* Debug */,
				FFE30EB62397AA2D0011F8B3 /* Release */,
			);
			defaultConfigurationIsVisible = 0;
			defaultConfigurationName = Release;
		};
		FFE30EB72397AA2D0011F8B3 /* Build configuration list for PBXNativeTarget "Segment Control" */ = {
			isa = XCConfigurationList;
			buildConfigurations = (
				FFE30EB82397AA2D0011F8B3 /* Debug */,
				FFE30EB92397AA2D0011F8B3 /* Release */,
			);
			defaultConfigurationIsVisible = 0;
			defaultConfigurationName = Release;
		};
/* End XCConfigurationList section */
	};
	rootObject = FFE30E9B2397AA2C0011F8B3 /* Project object */;
}
